
Microsoft Visual Studio Solution File, Format Version 12.00
# Visual Studio Version 17
VisualStudioVersion = 17.5.33530.505
MinimumVisualStudioVersion = 10.0.40219.1
Project("{9A19103F-16F7-4668-BE54-9A1E7A4F7556}") = "TaiRazorPages", "TaiRazorPages\TaiRazorPages.csproj", "{2D09A00C-1C64-433F-86EC-7D6A2E892B8F}"
EndProject
Project("{9A19103F-16F7-4668-BE54-9A1E7A4F7556}") = "DataAccess", "DataAccess\DataAccess.csproj", "{B4362E1D-311D-406F-ABD9-69DF8CABD491}"
EndProject
Project("{9A19103F-16F7-4668-BE54-9A1E7A4F7556}") = "Model", "Model\Model.csproj", "{22305618-C85A-46BE-8EE9-E0AD7F8ECBF5}"
EndProject
Project("{9A19103F-16F7-4668-BE54-9A1E7A4F7556}") = "Ultility", "Ultility\Ultility.csproj", "{D2EE2FDB-6922-47D0-95F9-6352EEA5E214}"
EndProject
Global
	GlobalSection(SolutionConfigurationPlatforms) = preSolution
		Debug|Any CPU = Debug|Any CPU
		Release|Any CPU = Release|Any CPU
	EndGlobalSection
	GlobalSection(ProjectConfigurationPlatforms) = postSolution
		{2D09A00C-1C64-433F-86EC-7D6A2E892B8F}.Debug|Any CPU.ActiveCfg = Debug|Any CPU
		{2D09A00C-1C64-433F-86EC-7D6A2E892B8F}.Debug|Any CPU.Build.0 = Debug|Any CPU
		{2D09A00C-1C64-433F-86EC-7D6A2E892B8F}.Release|Any CPU.ActiveCfg = Release|Any CPU
		{2D09A00C-1C64-433F-86EC-7D6A2E892B8F}.Release|Any CPU.Build.0 = Release|Any CPU
		{B4362E1D-311D-406F-ABD9-69DF8CABD491}.Debug|Any CPU.ActiveCfg = Debug|Any CPU
		{B4362E1D-311D-406F-ABD9-69DF8CABD491}.Debug|Any CPU.Build.0 = Debug|Any CPU
		{B4362E1D-311D-406F-ABD9-69DF8CABD491}.Release|Any CPU.ActiveCfg = Release|Any CPU
		{B4362E1D-311D-406F-ABD9-69DF8CABD491}.Release|Any CPU.Build.0 = Release|Any CPU
		{22305618-C85A-46BE-8EE9-E0AD7F8ECBF5}.Debug|Any CPU.ActiveCfg = Debug|Any CPU
		{22305618-C85A-46BE-8EE9-E0AD7F8ECBF5}.Debug|Any CPU.Build.0 = Debug|Any CPU
		{22305618-C85A-46BE-8EE9-E0AD7F8ECBF5}.Release|Any CPU.ActiveCfg = Release|Any CPU
		{22305618-C85A-46BE-8EE9-E0AD7F8ECBF5}.Release|Any CPU.Build.0 = Release|Any CPU
		{D2EE2FDB-6922-47D0-95F9-6352EEA5E214}.Debug|Any CPU.ActiveCfg = Debug|Any CPU
		{D2EE2FDB-6922-47D0-95F9-6352EEA5E214}.Debug|Any CPU.Build.0 = Debug|Any CPU
		{D2EE2FDB-6922-47D0-95F9-6352EEA5E214}.Release|Any CPU.ActiveCfg = Release|Any CPU
		{D2EE2FDB-6922-47D0-95F9-6352EEA5E214}.Release|Any CPU.Build.0 = Release|Any CPU
	EndGlobalSection
	GlobalSection(SolutionProperties) = preSolution
		HideSolutionNode = FALSE
	EndGlobalSection
	GlobalSection(ExtensibilityGlobals) = postSolution
		SolutionGuid = {D22F7136-7462-4CCB-8951-1CAEB7D5BC4B}
	EndGlobalSection
EndGlobal
